
Microsoft Visual Studio Solution File, Format Version 12.00
# Visual Studio Version 17
VisualStudioVersion = 17.4.33205.214
MinimumVisualStudioVersion = 10.0.40219.1
Project("{9A19103F-16F7-4668-BE54-9A1E7A4F7556}") = "RabbitMqPublisher", "RabbitMqPublisher.csproj", "{C711C350-63D3-48F3-B5DF-3812868B366F}"
EndProject
Project("{9A19103F-16F7-4668-BE54-9A1E7A4F7556}") = "RabbitMqConsumer", "..\RabbitMqConsumer\RabbitMqConsumer.csproj", "{8AD16F19-3832-4783-AE64-A38880A8EB07}"
EndProject
Project("{9A19103F-16F7-4668-BE54-9A1E7A4F7556}") = "Shared", "..\Shared\Shared.csproj", "{2E7EA621-3180-4FE7-92E3-233FED119332}"
EndProject
Project("{FAE04EC0-301F-11D3-BF4B-00C04F79EFBC}") = "ImageWatermarkRabbitMQ", "..\ImageWatermarkRabbitMQ\ImageWatermarkRabbitMQ.csproj", "{556BC906-D773-45F5-8BBE-6550DD005CED}"
EndProject
Global
	GlobalSection(SolutionConfigurationPlatforms) = preSolution
		Debug|Any CPU = Debug|Any CPU
		Release|Any CPU = Release|Any CPU
	EndGlobalSection
	GlobalSection(ProjectConfigurationPlatforms) = postSolution
		{C711C350-63D3-48F3-B5DF-3812868B366F}.Debug|Any CPU.ActiveCfg = Debug|Any CPU
		{C711C350-63D3-48F3-B5DF-3812868B366F}.Debug|Any CPU.Build.0 = Debug|Any CPU
		{C711C350-63D3-48F3-B5DF-3812868B366F}.Release|Any CPU.ActiveCfg = Release|Any CPU
		{C711C350-63D3-48F3-B5DF-3812868B366F}.Release|Any CPU.Build.0 = Release|Any CPU
		{8AD16F19-3832-4783-AE64-A38880A8EB07}.Debug|Any CPU.ActiveCfg = Debug|Any CPU
		{8AD16F19-3832-4783-AE64-A38880A8EB07}.Debug|Any CPU.Build.0 = Debug|Any CPU
		{8AD16F19-3832-4783-AE64-A38880A8EB07}.Release|Any CPU.ActiveCfg = Release|Any CPU
		{8AD16F19-3832-4783-AE64-A38880A8EB07}.Release|Any CPU.Build.0 = Release|Any CPU
		{2E7EA621-3180-4FE7-92E3-233FED119332}.Debug|Any CPU.ActiveCfg = Debug|Any CPU
		{2E7EA621-3180-4FE7-92E3-233FED119332}.Debug|Any CPU.Build.0 = Debug|Any CPU
		{2E7EA621-3180-4FE7-92E3-233FED119332}.Release|Any CPU.ActiveCfg = Release|Any CPU
		{2E7EA621-3180-4FE7-92E3-233FED119332}.Release|Any CPU.Build.0 = Release|Any CPU
		{556BC906-D773-45F5-8BBE-6550DD005CED}.Debug|Any CPU.ActiveCfg = Debug|Any CPU
		{556BC906-D773-45F5-8BBE-6550DD005CED}.Debug|Any CPU.Build.0 = Debug|Any CPU
		{556BC906-D773-45F5-8BBE-6550DD005CED}.Release|Any CPU.ActiveCfg = Release|Any CPU
		{556BC906-D773-45F5-8BBE-6550DD005CED}.Release|Any CPU.Build.0 = Release|Any CPU
	EndGlobalSection
	GlobalSection(SolutionProperties) = preSolution
		HideSolutionNode = FALSE
	EndGlobalSection
	GlobalSection(ExtensibilityGlobals) = postSolution
		SolutionGuid = {B0567AB4-40F9-4B36-A55D-8753E17AC129}
	EndGlobalSection
EndGlobal
